
Microsoft Visual Studio Solution File, Format Version 12.00
# Visual Studio Version 17
VisualStudioVersion = 17.7.34024.191
MinimumVisualStudioVersion = 10.0.40219.1
Project("{9A19103F-16F7-4668-BE54-9A1E7A4F7556}") = "Lab_work_2", "Lab_work_2.csproj", "{75E7754D-656B-4C24-91C4-8B6014A4E42E}"
EndProject
Project("{FAE04EC0-301F-11D3-BF4B-00C04F79EFBC}") = "Lab_work_2_2", "..\Lab_work_2_2\Lab_work_2_2.csproj", "{40D231EF-C920-4F71-9C7C-AE4FCBDBAD55}"
EndProject
Project("{FAE04EC0-301F-11D3-BF4B-00C04F79EFBC}") = "Lab_work_2_3", "..\Lab_work_2_3\Lab_work_2_3.csproj", "{B1B63ADC-AD80-408D-987C-2A22B4BDCC4C}"
EndProject
Global
	GlobalSection(SolutionConfigurationPlatforms) = preSolution
		Debug|Any CPU = Debug|Any CPU
		Release|Any CPU = Release|Any CPU
	EndGlobalSection
	GlobalSection(ProjectConfigurationPlatforms) = postSolution
		{75E7754D-656B-4C24-91C4-8B6014A4E42E}.Debug|Any CPU.ActiveCfg = Debug|Any CPU
		{75E7754D-656B-4C24-91C4-8B6014A4E42E}.Debug|Any CPU.Build.0 = Debug|Any CPU
		{75E7754D-656B-4C24-91C4-8B6014A4E42E}.Release|Any CPU.ActiveCfg = Release|Any CPU
		{75E7754D-656B-4C24-91C4-8B6014A4E42E}.Release|Any CPU.Build.0 = Release|Any CPU
		{40D231EF-C920-4F71-9C7C-AE4FCBDBAD55}.Debug|Any CPU.ActiveCfg = Debug|Any CPU
		{40D231EF-C920-4F71-9C7C-AE4FCBDBAD55}.Debug|Any CPU.Build.0 = Debug|Any CPU
		{40D231EF-C920-4F71-9C7C-AE4FCBDBAD55}.Release|Any CPU.ActiveCfg = Release|Any CPU
		{40D231EF-C920-4F71-9C7C-AE4FCBDBAD55}.Release|Any CPU.Build.0 = Release|Any CPU
		{B1B63ADC-AD80-408D-987C-2A22B4BDCC4C}.Debug|Any CPU.ActiveCfg = Debug|Any CPU
		{B1B63ADC-AD80-408D-987C-2A22B4BDCC4C}.Debug|Any CPU.Build.0 = Debug|Any CPU
		{B1B63ADC-AD80-408D-987C-2A22B4BDCC4C}.Release|Any CPU.ActiveCfg = Release|Any CPU
		{B1B63ADC-AD80-408D-987C-2A22B4BDCC4C}.Release|Any CPU.Build.0 = Release|Any CPU
	EndGlobalSection
	GlobalSection(SolutionProperties) = preSolution
		HideSolutionNode = FALSE
	EndGlobalSection
	GlobalSection(ExtensibilityGlobals) = postSolution
		SolutionGuid = {7421AB2F-0D3A-481D-B8D7-9EB4969933BD}
	EndGlobalSection
EndGlobal
