
Microsoft Visual Studio Solution File, Format Version 12.00
# Visual Studio Version 17
VisualStudioVersion = 17.7.34031.279
MinimumVisualStudioVersion = 10.0.40219.1
Project("{FAE04EC0-301F-11D3-BF4B-00C04F79EFBC}") = "Client", "Client.csproj", "{3276EA84-4C54-46A4-9CE8-8A50B7CF6D28}"
EndProject
Global
	GlobalSection(SolutionConfigurationPlatforms) = preSolution
		Debug|Any CPU = Debug|Any CPU
		Release|Any CPU = Release|Any CPU
	EndGlobalSection
	GlobalSection(ProjectConfigurationPlatforms) = postSolution
		{3276EA84-4C54-46A4-9CE8-8A50B7CF6D28}.Debug|Any CPU.ActiveCfg = Debug|Any CPU
		{3276EA84-4C54-46A4-9CE8-8A50B7CF6D28}.Debug|Any CPU.Build.0 = Debug|Any CPU
		{3276EA84-4C54-46A4-9CE8-8A50B7CF6D28}.Release|Any CPU.ActiveCfg = Release|Any CPU
		{3276EA84-4C54-46A4-9CE8-8A50B7CF6D28}.Release|Any CPU.Build.0 = Release|Any CPU
	EndGlobalSection
	GlobalSection(SolutionProperties) = preSolution
		HideSolutionNode = FALSE
	EndGlobalSection
	GlobalSection(ExtensibilityGlobals) = postSolution
		SolutionGuid = {55370992-7577-4A18-813C-DCB5E921B42E}
	EndGlobalSection
EndGlobal
