
Microsoft Visual Studio Solution File, Format Version 12.00
# Visual Studio Version 17
VisualStudioVersion = 17.7.34024.191
MinimumVisualStudioVersion = 10.0.40219.1
Project("{FAE04EC0-301F-11D3-BF4B-00C04F79EFBC}") = "Lab_work_3", "Lab_work_3.csproj", "{1BFC67AF-C6F9-4E72-9DA8-1E21455782A1}"
EndProject
Global
	GlobalSection(SolutionConfigurationPlatforms) = preSolution
		Debug|Any CPU = Debug|Any CPU
		Release|Any CPU = Release|Any CPU
	EndGlobalSection
	GlobalSection(ProjectConfigurationPlatforms) = postSolution
		{1BFC67AF-C6F9-4E72-9DA8-1E21455782A1}.Debug|Any CPU.ActiveCfg = Debug|Any CPU
		{1BFC67AF-C6F9-4E72-9DA8-1E21455782A1}.Debug|Any CPU.Build.0 = Debug|Any CPU
		{1BFC67AF-C6F9-4E72-9DA8-1E21455782A1}.Release|Any CPU.ActiveCfg = Release|Any CPU
		{1BFC67AF-C6F9-4E72-9DA8-1E21455782A1}.Release|Any CPU.Build.0 = Release|Any CPU
	EndGlobalSection
	GlobalSection(SolutionProperties) = preSolution
		HideSolutionNode = FALSE
	EndGlobalSection
	GlobalSection(ExtensibilityGlobals) = postSolution
		SolutionGuid = {D47FC10D-A48C-4C0C-B35F-1DDD688562D2}
	EndGlobalSection
EndGlobal
