
Microsoft Visual Studio Solution File, Format Version 12.00
# Visual Studio Version 17
VisualStudioVersion = 17.7.34031.279
MinimumVisualStudioVersion = 10.0.40219.1
Project("{FAE04EC0-301F-11D3-BF4B-00C04F79EFBC}") = "ProgramSecond", "ProgramSecond.csproj", "{30437193-2A4B-43EE-A033-B55E10FC18DD}"
EndProject
Global
	GlobalSection(SolutionConfigurationPlatforms) = preSolution
		Debug|Any CPU = Debug|Any CPU
		Release|Any CPU = Release|Any CPU
	EndGlobalSection
	GlobalSection(ProjectConfigurationPlatforms) = postSolution
		{30437193-2A4B-43EE-A033-B55E10FC18DD}.Debug|Any CPU.ActiveCfg = Debug|Any CPU
		{30437193-2A4B-43EE-A033-B55E10FC18DD}.Debug|Any CPU.Build.0 = Debug|Any CPU
		{30437193-2A4B-43EE-A033-B55E10FC18DD}.Release|Any CPU.ActiveCfg = Release|Any CPU
		{30437193-2A4B-43EE-A033-B55E10FC18DD}.Release|Any CPU.Build.0 = Release|Any CPU
	EndGlobalSection
	GlobalSection(SolutionProperties) = preSolution
		HideSolutionNode = FALSE
	EndGlobalSection
	GlobalSection(ExtensibilityGlobals) = postSolution
		SolutionGuid = {1E0D396F-E7F5-4B88-81A0-C52169D9DE45}
	EndGlobalSection
EndGlobal
